name: Update poetry.lock

on:
  workflow_dispatch:

permissions:
  contents: write

jobs:
  lock:
    runs-on: ubuntu-latest
    steps:
      - name: Checkout
        uses: actions/checkout@v4

      - name: Setup Python
        uses: actions/setup-python@v5
        with:
          python-version: "3.11"

      - name: Install Poetry
        run: |
          python -m pip install --upgrade pip
          pip install poetry

      - name: Generate lockfile
        run: |
          poetry lock

      - name: Commit poetry.lock
        run: |
          git config user.name "github-actions[bot]"
          git config user.email "github-actions[bot]@users.noreply.github.com"
          git add poetry.lock pyproject.toml
          git commit -m "Update poetry.lock" || echo "No changes to commit"
          git push
